// !$*UTF8*$!
{
	archiveVersion = 1;
	classes = {
	};
	objectVersion = 46;
	objects = {

/* Begin PBXBuildFile section */
		0453D8FD1F4AAC4C001ECE7E /* Assets.xcassets in Resources */ = {isa = PBXBuildFile; fileRef = 0453D8FC1F4AAC4C001ECE7E /* Assets.xcassets */; };
		0453D9001F4AAC4C001ECE7E /* LaunchScreen.storyboard in Resources */ = {isa = PBXBuildFile; fileRef = 0453D8FE1F4AAC4C001ECE7E /* LaunchScreen.storyboard */; };
		0453D9291F4AAE8C001ECE7E /* LaunchScreen.storyboard in Resources */ = {isa = PBXBuildFile; fileRef = 0453D9081F4AAE8C001ECE7E /* LaunchScreen.storyboard */; };
		0453D92A1F4AAE8C001ECE7E /* Main.storyboard in Resources */ = {isa = PBXBuildFile; fileRef = 0453D9091F4AAE8C001ECE7E /* Main.storyboard */; };
		0453D92B1F4AAE8C001ECE7E /* APIConstants.swift in Sources */ = {isa = PBXBuildFile; fileRef = 0453D90B1F4AAE8C001ECE7E /* APIConstants.swift */; };
		0453D92C1F4AAE8C001ECE7E /* APIManager.swift in Sources */ = {isa = PBXBuildFile; fileRef = 0453D90C1F4AAE8C001ECE7E /* APIManager.swift */; };
		0453D92D1F4AAE8C001ECE7E /* Global.swift in Sources */ = {isa = PBXBuildFile; fileRef = 0453D9121F4AAE8C001ECE7E /* Global.swift */; };
		0453D92E1F4AAE8C001ECE7E /* GlobalStoryboards.swift in Sources */ = {isa = PBXBuildFile; fileRef = 0453D9131F4AAE8C001ECE7E /* GlobalStoryboards.swift */; };
		0453D92F1F4AAE8C001ECE7E /* LanguageManager.swift in Sources */ = {isa = PBXBuildFile; fileRef = 0453D9141F4AAE8C001ECE7E /* LanguageManager.swift */; };
		0453D9301F4AAE8C001ECE7E /* StaticClass.swift in Sources */ = {isa = PBXBuildFile; fileRef = 0453D9151F4AAE8C001ECE7E /* StaticClass.swift */; };
		0453D9311F4AAE8C001ECE7E /* UserModel.swift in Sources */ = {isa = PBXBuildFile; fileRef = 0453D9171F4AAE8C001ECE7E /* UserModel.swift */; };
		0453D9321F4AAE8C001ECE7E /* CustomInfoWindow.swift in Sources */ = {isa = PBXBuildFile; fileRef = 0453D9191F4AAE8C001ECE7E /* CustomInfoWindow.swift */; };
		0453D9331F4AAE8C001ECE7E /* CustomInfoWindow.xib in Resources */ = {isa = PBXBuildFile; fileRef = 0453D91A1F4AAE8C001ECE7E /* CustomInfoWindow.xib */; };
		0453D9341F4AAE8C001ECE7E /* NavigationHeader.swift in Sources */ = {isa = PBXBuildFile; fileRef = 0453D91B1F4AAE8C001ECE7E /* NavigationHeader.swift */; };
		0453D9351F4AAE8C001ECE7E /* NavigationHeader.xib in Resources */ = {isa = PBXBuildFile; fileRef = 0453D91C1F4AAE8C001ECE7E /* NavigationHeader.xib */; };
		0453D9361F4AAE8C001ECE7E /* ParentViewController.swift in Sources */ = {isa = PBXBuildFile; fileRef = 0453D91D1F4AAE8C001ECE7E /* ParentViewController.swift */; };
		0453D9371F4AAE8C001ECE7E /* ViewParent.swift in Sources */ = {isa = PBXBuildFile; fileRef = 0453D91E1F4AAE8C001ECE7E /* ViewParent.swift */; };
		0453D9381F4AAE8C001ECE7E /* ViewParentWithoutXIB.swift in Sources */ = {isa = PBXBuildFile; fileRef = 0453D91F1F4AAE8C001ECE7E /* ViewParentWithoutXIB.swift */; };
		0453D9521F4AB39F001ECE7E /* AppDelegate.swift in Sources */ = {isa = PBXBuildFile; fileRef = 0453D9511F4AB39F001ECE7E /* AppDelegate.swift */; };
		0453D9601F4AB68B001ECE7E /* myMoviesViewController.swift in Sources */ = {isa = PBXBuildFile; fileRef = 0453D9591F4AB68B001ECE7E /* myMoviesViewController.swift */; };
		0453D9611F4AB68B001ECE7E /* myMoviesManager.swift in Sources */ = {isa = PBXBuildFile; fileRef = 0453D95B1F4AB68B001ECE7E /* myMoviesManager.swift */; };
		0453D9621F4AB68B001ECE7E /* myMoviesModel.swift in Sources */ = {isa = PBXBuildFile; fileRef = 0453D95D1F4AB68B001ECE7E /* myMoviesModel.swift */; };
		0453D9631F4AB68B001ECE7E /* myMoviesView.swift in Sources */ = {isa = PBXBuildFile; fileRef = 0453D95F1F4AB68B001ECE7E /* myMoviesView.swift */; };
		0453D96F1F4AB6A5001ECE7E /* movieDetailViewController.swift in Sources */ = {isa = PBXBuildFile; fileRef = 0453D9681F4AB6A5001ECE7E /* movieDetailViewController.swift */; };
		0453D9701F4AB6A5001ECE7E /* movieDetailManager.swift in Sources */ = {isa = PBXBuildFile; fileRef = 0453D96A1F4AB6A5001ECE7E /* movieDetailManager.swift */; };
		0453D9711F4AB6A5001ECE7E /* movieDetailModel.swift in Sources */ = {isa = PBXBuildFile; fileRef = 0453D96C1F4AB6A5001ECE7E /* movieDetailModel.swift */; };
		0453D9721F4AB6A5001ECE7E /* movieDetailView.swift in Sources */ = {isa = PBXBuildFile; fileRef = 0453D96E1F4AB6A5001ECE7E /* movieDetailView.swift */; };
		0453D9741F4AB7E5001ECE7E /* myMoviesCell.swift in Sources */ = {isa = PBXBuildFile; fileRef = 0453D9731F4AB7E5001ECE7E /* myMoviesCell.swift */; };
		0453D9781F4AC9CA001ECE7E /* Screen Shot 2017-08-21 at 12.34.51 PM.png in Resources */ = {isa = PBXBuildFile; fileRef = 0453D9771F4AC9CA001ECE7E /* Screen Shot 2017-08-21 at 12.34.51 PM.png */; };
		0453D97A1F4AD090001ECE7E /* ErrorHandler.swift in Sources */ = {isa = PBXBuildFile; fileRef = 0453D9791F4AD090001ECE7E /* ErrorHandler.swift */; };
		4DF5BE077E25F9E1B07EDB23 /* Pods_MyMovieExam.framework in Frameworks */ = {isa = PBXBuildFile; fileRef = 0006E5E52C32A44F20FA5127 /* Pods_MyMovieExam.framework */; };
/* End PBXBuildFile section */

/* Begin PBXFileReference section */
		0006E5E52C32A44F20FA5127 /* Pods_MyMovieExam.framework */ = {isa = PBXFileReference; explicitFileType = wrapper.framework; includeInIndex = 0; path = Pods_MyMovieExam.framework; sourceTree = BUILT_PRODUCTS_DIR; };
		0453D8BA1F4AAC4B001ECE7E /* MyMovieExam.app */ = {isa = PBXFileReference; explicitFileType = wrapper.application; includeInIndex = 0; path = MyMovieExam.app; sourceTree = BUILT_PRODUCTS_DIR; };
		0453D8FC1F4AAC4C001ECE7E /* Assets.xcassets */ = {isa = PBXFileReference; lastKnownFileType = folder.assetcatalog; path = Assets.xcassets; sourceTree = "<group>"; };
		0453D8FF1F4AAC4C001ECE7E /* Base */ = {isa = PBXFileReference; lastKnownFileType = file.storyboard; name = Base; path = Base.lproj/LaunchScreen.storyboard; sourceTree = "<group>"; };
		0453D9011F4AAC4C001ECE7E /* Info.plist */ = {isa = PBXFileReference; lastKnownFileType = text.plist.xml; path = Info.plist; sourceTree = "<group>"; };
		0453D9081F4AAE8C001ECE7E /* LaunchScreen.storyboard */ = {isa = PBXFileReference; fileEncoding = 4; lastKnownFileType = file.storyboard; path = LaunchScreen.storyboard; sourceTree = "<group>"; };
		0453D9091F4AAE8C001ECE7E /* Main.storyboard */ = {isa = PBXFileReference; fileEncoding = 4; lastKnownFileType = file.storyboard; path = Main.storyboard; sourceTree = "<group>"; };
		0453D90B1F4AAE8C001ECE7E /* APIConstants.swift */ = {isa = PBXFileReference; fileEncoding = 4; lastKnownFileType = sourcecode.swift; path = APIConstants.swift; sourceTree = "<group>"; };
		0453D90C1F4AAE8C001ECE7E /* APIManager.swift */ = {isa = PBXFileReference; fileEncoding = 4; lastKnownFileType = sourcecode.swift; path = APIManager.swift; sourceTree = "<group>"; };
		0453D9121F4AAE8C001ECE7E /* Global.swift */ = {isa = PBXFileReference; fileEncoding = 4; lastKnownFileType = sourcecode.swift; path = Global.swift; sourceTree = "<group>"; };
		0453D9131F4AAE8C001ECE7E /* GlobalStoryboards.swift */ = {isa = PBXFileReference; fileEncoding = 4; lastKnownFileType = sourcecode.swift; path = GlobalStoryboards.swift; sourceTree = "<group>"; };
		0453D9141F4AAE8C001ECE7E /* LanguageManager.swift */ = {isa = PBXFileReference; fileEncoding = 4; lastKnownFileType = sourcecode.swift; path = LanguageManager.swift; sourceTree = "<group>"; };
		0453D9151F4AAE8C001ECE7E /* StaticClass.swift */ = {isa = PBXFileReference; fileEncoding = 4; lastKnownFileType = sourcecode.swift; path = StaticClass.swift; sourceTree = "<group>"; };
		0453D9171F4AAE8C001ECE7E /* UserModel.swift */ = {isa = PBXFileReference; fileEncoding = 4; lastKnownFileType = sourcecode.swift; path = UserModel.swift; sourceTree = "<group>"; };
		0453D9191F4AAE8C001ECE7E /* CustomInfoWindow.swift */ = {isa = PBXFileReference; fileEncoding = 4; lastKnownFileType = sourcecode.swift; path = CustomInfoWindow.swift; sourceTree = "<group>"; };
		0453D91A1F4AAE8C001ECE7E /* CustomInfoWindow.xib */ = {isa = PBXFileReference; fileEncoding = 4; lastKnownFileType = file.xib; path = CustomInfoWindow.xib; sourceTree = "<group>"; };
		0453D91B1F4AAE8C001ECE7E /* NavigationHeader.swift */ = {isa = PBXFileReference; fileEncoding = 4; lastKnownFileType = sourcecode.swift; path = NavigationHeader.swift; sourceTree = "<group>"; };
		0453D91C1F4AAE8C001ECE7E /* NavigationHeader.xib */ = {isa = PBXFileReference; fileEncoding = 4; lastKnownFileType = file.xib; path = NavigationHeader.xib; sourceTree = "<group>"; };
		0453D91D1F4AAE8C001ECE7E /* ParentViewController.swift */ = {isa = PBXFileReference; fileEncoding = 4; lastKnownFileType = sourcecode.swift; path = ParentViewController.swift; sourceTree = "<group>"; };
		0453D91E1F4AAE8C001ECE7E /* ViewParent.swift */ = {isa = PBXFileReference; fileEncoding = 4; lastKnownFileType = sourcecode.swift; path = ViewParent.swift; sourceTree = "<group>"; };
		0453D91F1F4AAE8C001ECE7E /* ViewParentWithoutXIB.swift */ = {isa = PBXFileReference; fileEncoding = 4; lastKnownFileType = sourcecode.swift; path = ViewParentWithoutXIB.swift; sourceTree = "<group>"; };
		0453D9501F4AB0C3001ECE7E /* Bridging.h */ = {isa = PBXFileReference; lastKnownFileType = sourcecode.c.h; path = Bridging.h; sourceTree = "<group>"; };
		0453D9511F4AB39F001ECE7E /* AppDelegate.swift */ = {isa = PBXFileReference; fileEncoding = 4; lastKnownFileType = sourcecode.swift; path = AppDelegate.swift; sourceTree = "<group>"; };
		0453D9591F4AB68B001ECE7E /* myMoviesViewController.swift */ = {isa = PBXFileReference; fileEncoding = 4; lastKnownFileType = sourcecode.swift; path = myMoviesViewController.swift; sourceTree = "<group>"; };
		0453D95B1F4AB68B001ECE7E /* myMoviesManager.swift */ = {isa = PBXFileReference; fileEncoding = 4; lastKnownFileType = sourcecode.swift; path = myMoviesManager.swift; sourceTree = "<group>"; };
		0453D95D1F4AB68B001ECE7E /* myMoviesModel.swift */ = {isa = PBXFileReference; fileEncoding = 4; lastKnownFileType = sourcecode.swift; path = myMoviesModel.swift; sourceTree = "<group>"; };
		0453D95F1F4AB68B001ECE7E /* myMoviesView.swift */ = {isa = PBXFileReference; fileEncoding = 4; lastKnownFileType = sourcecode.swift; path = myMoviesView.swift; sourceTree = "<group>"; };
		0453D9681F4AB6A5001ECE7E /* movieDetailViewController.swift */ = {isa = PBXFileReference; fileEncoding = 4; lastKnownFileType = sourcecode.swift; path = movieDetailViewController.swift; sourceTree = "<group>"; };
		0453D96A1F4AB6A5001ECE7E /* movieDetailManager.swift */ = {isa = PBXFileReference; fileEncoding = 4; lastKnownFileType = sourcecode.swift; path = movieDetailManager.swift; sourceTree = "<group>"; };
		0453D96C1F4AB6A5001ECE7E /* movieDetailModel.swift */ = {isa = PBXFileReference; fileEncoding = 4; lastKnownFileType = sourcecode.swift; path = movieDetailModel.swift; sourceTree = "<group>"; };
		0453D96E1F4AB6A5001ECE7E /* movieDetailView.swift */ = {isa = PBXFileReference; fileEncoding = 4; lastKnownFileType = sourcecode.swift; path = movieDetailView.swift; sourceTree = "<group>"; };
		0453D9731F4AB7E5001ECE7E /* myMoviesCell.swift */ = {isa = PBXFileReference; fileEncoding = 4; lastKnownFileType = sourcecode.swift; path = myMoviesCell.swift; sourceTree = "<group>"; };
		0453D9771F4AC9CA001ECE7E /* Screen Shot 2017-08-21 at 12.34.51 PM.png */ = {isa = PBXFileReference; lastKnownFileType = image.png; path = "Screen Shot 2017-08-21 at 12.34.51 PM.png"; sourceTree = "<group>"; };
		0453D9791F4AD090001ECE7E /* ErrorHandler.swift */ = {isa = PBXFileReference; fileEncoding = 4; lastKnownFileType = sourcecode.swift; path = ErrorHandler.swift; sourceTree = "<group>"; };
		085DFF9D1F41C766C290B558 /* Pods-MyMovieExam.debug.xcconfig */ = {isa = PBXFileReference; includeInIndex = 1; lastKnownFileType = text.xcconfig; name = "Pods-MyMovieExam.debug.xcconfig"; path = "Pods/Target Support Files/Pods-MyMovieExam/Pods-MyMovieExam.debug.xcconfig"; sourceTree = "<group>"; };
		9D6EEDA861569B0119C6F15E /* Pods-MyMovieExam.release.xcconfig */ = {isa = PBXFileReference; includeInIndex = 1; lastKnownFileType = text.xcconfig; name = "Pods-MyMovieExam.release.xcconfig"; path = "Pods/Target Support Files/Pods-MyMovieExam/Pods-MyMovieExam.release.xcconfig"; sourceTree = "<group>"; };
/* End PBXFileReference section */

/* Begin PBXFrameworksBuildPhase section */
		0453D8B71F4AAC4B001ECE7E /* Frameworks */ = {
			isa = PBXFrameworksBuildPhase;
			buildActionMask = 2147483647;
			files = (
				4DF5BE077E25F9E1B07EDB23 /* Pods_MyMovieExam.framework in Frameworks */,
			);
			runOnlyForDeploymentPostprocessing = 0;
		};
/* End PBXFrameworksBuildPhase section */

/* Begin PBXGroup section */
		0453D8B11F4AAC4B001ECE7E = {
			isa = PBXGroup;
			children = (
				0453D9501F4AB0C3001ECE7E /* Bridging.h */,
				0453D8BC1F4AAC4B001ECE7E /* MyMovieExam */,
				0453D8BB1F4AAC4B001ECE7E /* Products */,
				DBDB873ED0F10B1DECA17136 /* Pods */,
				E50C4053824F3B3B82856C95 /* Frameworks */,
			);
			sourceTree = "<group>";
		};
		0453D8BB1F4AAC4B001ECE7E /* Products */ = {
			isa = PBXGroup;
			children = (
				0453D8BA1F4AAC4B001ECE7E /* MyMovieExam.app */,
			);
			name = Products;
			sourceTree = "<group>";
		};
		0453D8BC1F4AAC4B001ECE7E /* MyMovieExam */ = {
			isa = PBXGroup;
			children = (
				0453D9071F4AAE8C001ECE7E /* Storyboards */,
				0453D90A1F4AAE8C001ECE7E /* APIManager */,
				0453D90D1F4AAE8C001ECE7E /* ThirdParty */,
				0453D90E1F4AAE8C001ECE7E /* Resources */,
				0453D90F1F4AAE8C001ECE7E /* Architecture */,
				0453D9101F4AAE8C001ECE7E /* Utility */,
				0453D8FC1F4AAC4C001ECE7E /* Assets.xcassets */,
				0453D8FE1F4AAC4C001ECE7E /* LaunchScreen.storyboard */,
				0453D9011F4AAC4C001ECE7E /* Info.plist */,
			);
			path = MyMovieExam;
			sourceTree = "<group>";
		};
		0453D9071F4AAE8C001ECE7E /* Storyboards */ = {
			isa = PBXGroup;
			children = (
				0453D9081F4AAE8C001ECE7E /* LaunchScreen.storyboard */,
				0453D9091F4AAE8C001ECE7E /* Main.storyboard */,
				0453D9771F4AC9CA001ECE7E /* Screen Shot 2017-08-21 at 12.34.51 PM.png */,
			);
			path = Storyboards;
			sourceTree = "<group>";
		};
		0453D90A1F4AAE8C001ECE7E /* APIManager */ = {
			isa = PBXGroup;
			children = (
				0453D90B1F4AAE8C001ECE7E /* APIConstants.swift */,
				0453D90C1F4AAE8C001ECE7E /* APIManager.swift */,
				0453D9791F4AD090001ECE7E /* ErrorHandler.swift */,
			);
			path = APIManager;
			sourceTree = "<group>";
		};
		0453D90D1F4AAE8C001ECE7E /* ThirdParty */ = {
			isa = PBXGroup;
			children = (
			);
			path = ThirdParty;
			sourceTree = "<group>";
		};
		0453D90E1F4AAE8C001ECE7E /* Resources */ = {
			isa = PBXGroup;
			children = (
			);
			path = Resources;
			sourceTree = "<group>";
		};
		0453D90F1F4AAE8C001ECE7E /* Architecture */ = {
			isa = PBXGroup;
			children = (
				0453D9661F4AB6A5001ECE7E /* movieDetail */,
				0453D9571F4AB68B001ECE7E /* myMovies */,
				0453D9511F4AB39F001ECE7E /* AppDelegate.swift */,
			);
			path = Architecture;
			sourceTree = "<group>";
		};
		0453D9101F4AAE8C001ECE7E /* Utility */ = {
			isa = PBXGroup;
			children = (
				0453D9111F4AAE8C001ECE7E /* AppUtilities */,
				0453D9161F4AAE8C001ECE7E /* CommonModels */,
				0453D9181F4AAE8C001ECE7E /* CustomClasses */,
				0453D9201F4AAE8C001ECE7E /* Extensions */,
			);
			path = Utility;
			sourceTree = "<group>";
		};
		0453D9111F4AAE8C001ECE7E /* AppUtilities */ = {
			isa = PBXGroup;
			children = (
				0453D9121F4AAE8C001ECE7E /* Global.swift */,
				0453D9131F4AAE8C001ECE7E /* GlobalStoryboards.swift */,
				0453D9141F4AAE8C001ECE7E /* LanguageManager.swift */,
				0453D9151F4AAE8C001ECE7E /* StaticClass.swift */,
			);
			path = AppUtilities;
			sourceTree = "<group>";
		};
		0453D9161F4AAE8C001ECE7E /* CommonModels */ = {
			isa = PBXGroup;
			children = (
				0453D9171F4AAE8C001ECE7E /* UserModel.swift */,
			);
			path = CommonModels;
			sourceTree = "<group>";
		};
		0453D9181F4AAE8C001ECE7E /* CustomClasses */ = {
			isa = PBXGroup;
			children = (
				0453D9191F4AAE8C001ECE7E /* CustomInfoWindow.swift */,
				0453D91A1F4AAE8C001ECE7E /* CustomInfoWindow.xib */,
				0453D91B1F4AAE8C001ECE7E /* NavigationHeader.swift */,
				0453D91C1F4AAE8C001ECE7E /* NavigationHeader.xib */,
				0453D91D1F4AAE8C001ECE7E /* ParentViewController.swift */,
				0453D91E1F4AAE8C001ECE7E /* ViewParent.swift */,
				0453D91F1F4AAE8C001ECE7E /* ViewParentWithoutXIB.swift */,
			);
			path = CustomClasses;
			sourceTree = "<group>";
		};
		0453D9201F4AAE8C001ECE7E /* Extensions */ = {
			isa = PBXGroup;
			children = (
			);
			path = Extensions;
			sourceTree = "<group>";
		};
		0453D9571F4AB68B001ECE7E /* myMovies */ = {
			isa = PBXGroup;
			children = (
				0453D9581F4AB68B001ECE7E /* Controller */,
				0453D95A1F4AB68B001ECE7E /* Manager */,
				0453D95C1F4AB68B001ECE7E /* Model */,
				0453D95E1F4AB68B001ECE7E /* View */,
			);
			path = myMovies;
			sourceTree = "<group>";
		};
		0453D9581F4AB68B001ECE7E /* Controller */ = {
			isa = PBXGroup;
			children = (
				0453D9591F4AB68B001ECE7E /* myMoviesViewController.swift */,
			);
			path = Controller;
			sourceTree = "<group>";
		};
		0453D95A1F4AB68B001ECE7E /* Manager */ = {
			isa = PBXGroup;
			children = (
				0453D95B1F4AB68B001ECE7E /* myMoviesManager.swift */,
			);
			path = Manager;
			sourceTree = "<group>";
		};
		0453D95C1F4AB68B001ECE7E /* Model */ = {
			isa = PBXGroup;
			children = (
				0453D95D1F4AB68B001ECE7E /* myMoviesModel.swift */,
			);
			path = Model;
			sourceTree = "<group>";
		};
		0453D95E1F4AB68B001ECE7E /* View */ = {
			isa = PBXGroup;
			children = (
				0453D95F1F4AB68B001ECE7E /* myMoviesView.swift */,
				0453D9731F4AB7E5001ECE7E /* myMoviesCell.swift */,
			);
			path = View;
			sourceTree = "<group>";
		};
		0453D9661F4AB6A5001ECE7E /* movieDetail */ = {
			isa = PBXGroup;
			children = (
				0453D9671F4AB6A5001ECE7E /* Controller */,
				0453D9691F4AB6A5001ECE7E /* Manager */,
				0453D96B1F4AB6A5001ECE7E /* Model */,
				0453D96D1F4AB6A5001ECE7E /* View */,
			);
			path = movieDetail;
			sourceTree = "<group>";
		};
		0453D9671F4AB6A5001ECE7E /* Controller */ = {
			isa = PBXGroup;
			children = (
				0453D9681F4AB6A5001ECE7E /* movieDetailViewController.swift */,
			);
			path = Controller;
			sourceTree = "<group>";
		};
		0453D9691F4AB6A5001ECE7E /* Manager */ = {
			isa = PBXGroup;
			children = (
				0453D96A1F4AB6A5001ECE7E /* movieDetailManager.swift */,
			);
			path = Manager;
			sourceTree = "<group>";
		};
		0453D96B1F4AB6A5001ECE7E /* Model */ = {
			isa = PBXGroup;
			children = (
				0453D96C1F4AB6A5001ECE7E /* movieDetailModel.swift */,
			);
			path = Model;
			sourceTree = "<group>";
		};
		0453D96D1F4AB6A5001ECE7E /* View */ = {
			isa = PBXGroup;
			children = (
				0453D96E1F4AB6A5001ECE7E /* movieDetailView.swift */,
			);
			path = View;
			sourceTree = "<group>";
		};
		DBDB873ED0F10B1DECA17136 /* Pods */ = {
			isa = PBXGroup;
			children = (
				085DFF9D1F41C766C290B558 /* Pods-MyMovieExam.debug.xcconfig */,
				9D6EEDA861569B0119C6F15E /* Pods-MyMovieExam.release.xcconfig */,
			);
			name = Pods;
			sourceTree = "<group>";
		};
		E50C4053824F3B3B82856C95 /* Frameworks */ = {
			isa = PBXGroup;
			children = (
				0006E5E52C32A44F20FA5127 /* Pods_MyMovieExam.framework */,
			);
			name = Frameworks;
			sourceTree = "<group>";
		};
/* End PBXGroup section */

/* Begin PBXNativeTarget section */
		0453D8B91F4AAC4B001ECE7E /* MyMovieExam */ = {
			isa = PBXNativeTarget;
			buildConfigurationList = 0453D9041F4AAC4C001ECE7E /* Build configuration list for PBXNativeTarget "MyMovieExam" */;
			buildPhases = (
				3C297D3601664CC37B2F0561 /* [CP] Check Pods Manifest.lock */,
				0453D8B61F4AAC4B001ECE7E /* Sources */,
				0453D8B71F4AAC4B001ECE7E /* Frameworks */,
				0453D8B81F4AAC4B001ECE7E /* Resources */,
				D39261C34E0987CC78C76EB0 /* [CP] Embed Pods Frameworks */,
				A392BB0C2175CB399A5783DE /* [CP] Copy Pods Resources */,
			);
			buildRules = (
			);
			dependencies = (
			);
			name = MyMovieExam;
			productName = MyMovieExam;
			productReference = 0453D8BA1F4AAC4B001ECE7E /* MyMovieExam.app */;
			productType = "com.apple.product-type.application";
		};
/* End PBXNativeTarget section */

/* Begin PBXProject section */
		0453D8B21F4AAC4B001ECE7E /* Project object */ = {
			isa = PBXProject;
			attributes = {
				LastSwiftUpdateCheck = 0820;
				LastUpgradeCheck = 0820;
				ORGANIZATIONNAME = "mehul-mac";
				TargetAttributes = {
					0453D8B91F4AAC4B001ECE7E = {
						CreatedOnToolsVersion = 8.2;
						ProvisioningStyle = Automatic;
					};
				};
			};
			buildConfigurationList = 0453D8B51F4AAC4B001ECE7E /* Build configuration list for PBXProject "MyMovieExam" */;
			compatibilityVersion = "Xcode 3.2";
			developmentRegion = English;
			hasScannedForEncodings = 0;
			knownRegions = (
				en,
				Base,
			);
			mainGroup = 0453D8B11F4AAC4B001ECE7E;
			productRefGroup = 0453D8BB1F4AAC4B001ECE7E /* Products */;
			projectDirPath = "";
			projectRoot = "";
			targets = (
				0453D8B91F4AAC4B001ECE7E /* MyMovieExam */,
			);
		};
/* End PBXProject section */

/* Begin PBXResourcesBuildPhase section */
		0453D8B81F4AAC4B001ECE7E /* Resources */ = {
			isa = PBXResourcesBuildPhase;
			buildActionMask = 2147483647;
			files = (
				0453D9331F4AAE8C001ECE7E /* CustomInfoWindow.xib in Resources */,
				0453D9291F4AAE8C001ECE7E /* LaunchScreen.storyboard in Resources */,
				0453D9001F4AAC4C001ECE7E /* LaunchScreen.storyboard in Resources */,
				0453D9781F4AC9CA001ECE7E /* Screen Shot 2017-08-21 at 12.34.51 PM.png in Resources */,
				0453D8FD1F4AAC4C001ECE7E /* Assets.xcassets in Resources */,
				0453D9351F4AAE8C001ECE7E /* NavigationHeader.xib in Resources */,
				0453D92A1F4AAE8C001ECE7E /* Main.storyboard in Resources */,
			);
			runOnlyForDeploymentPostprocessing = 0;
		};
/* End PBXResourcesBuildPhase section */

/* Begin PBXShellScriptBuildPhase section */
		3C297D3601664CC37B2F0561 /* [CP] Check Pods Manifest.lock */ = {
			isa = PBXShellScriptBuildPhase;
			buildActionMask = 2147483647;
			files = (
			);
			inputPaths = (
				"${PODS_PODFILE_DIR_PATH}/Podfile.lock",
				"${PODS_ROOT}/Manifest.lock",
			);
			name = "[CP] Check Pods Manifest.lock";
			outputPaths = (
				"$(DERIVED_FILE_DIR)/Pods-MyMovieExam-checkManifestLockResult.txt",
			);
			runOnlyForDeploymentPostprocessing = 0;
			shellPath = /bin/sh;
			shellScript = "diff \"${PODS_PODFILE_DIR_PATH}/Podfile.lock\" \"${PODS_ROOT}/Manifest.lock\" > /dev/null\nif [ $? != 0 ] ; then\n    # print error to STDERR\n    echo \"error: The sandbox is not in sync with the Podfile.lock. Run 'pod install' or update your CocoaPods installation.\" >&2\n    exit 1\nfi\n# This output is used by Xcode 'outputs' to avoid re-running this script phase.\necho \"SUCCESS\" > \"${SCRIPT_OUTPUT_FILE_0}\"\n";
			showEnvVarsInLog = 0;
		};
		A392BB0C2175CB399A5783DE /* [CP] Copy Pods Resources */ = {
			isa = PBXShellScriptBuildPhase;
			buildActionMask = 2147483647;
			files = (
			);
			inputPaths = (
			);
			name = "[CP] Copy Pods Resources";
			outputPaths = (
			);
			runOnlyForDeploymentPostprocessing = 0;
			shellPath = /bin/sh;
			shellScript = "\"${SRCROOT}/Pods/Target Support Files/Pods-MyMovieExam/Pods-MyMovieExam-resources.sh\"\n";
			showEnvVarsInLog = 0;
		};
		D39261C34E0987CC78C76EB0 /* [CP] Embed Pods Frameworks */ = {
			isa = PBXShellScriptBuildPhase;
			buildActionMask = 2147483647;
			files = (
			);
			inputPaths = (
				"${SRCROOT}/Pods/Target Support Files/Pods-MyMovieExam/Pods-MyMovieExam-frameworks.sh",
				"${BUILT_PRODUCTS_DIR}/AJNotificationView/AJNotificationView.framework",
				"${BUILT_PRODUCTS_DIR}/Alamofire/Alamofire.framework",
				"${BUILT_PRODUCTS_DIR}/AlamofireObjectMapper/AlamofireObjectMapper.framework",
				"${BUILT_PRODUCTS_DIR}/ObjectMapper/ObjectMapper.framework",
			);
			name = "[CP] Embed Pods Frameworks";
			outputPaths = (
				"${TARGET_BUILD_DIR}/${FRAMEWORKS_FOLDER_PATH}/AJNotificationView.framework",
				"${TARGET_BUILD_DIR}/${FRAMEWORKS_FOLDER_PATH}/Alamofire.framework",
				"${TARGET_BUILD_DIR}/${FRAMEWORKS_FOLDER_PATH}/AlamofireObjectMapper.framework",
				"${TARGET_BUILD_DIR}/${FRAMEWORKS_FOLDER_PATH}/ObjectMapper.framework",
			);
			runOnlyForDeploymentPostprocessing = 0;
			shellPath = /bin/sh;
			shellScript = "\"${SRCROOT}/Pods/Target Support Files/Pods-MyMovieExam/Pods-MyMovieExam-frameworks.sh\"\n";
			showEnvVarsInLog = 0;
		};
/* End PBXShellScriptBuildPhase section */

/* Begin PBXSourcesBuildPhase section */
		0453D8B61F4AAC4B001ECE7E /* Sources */ = {
			isa = PBXSourcesBuildPhase;
			buildActionMask = 2147483647;
			files = (
				0453D96F1F4AB6A5001ECE7E /* movieDetailViewController.swift in Sources */,
				0453D9371F4AAE8C001ECE7E /* ViewParent.swift in Sources */,
				0453D97A1F4AD090001ECE7E /* ErrorHandler.swift in Sources */,
				0453D9321F4AAE8C001ECE7E /* CustomInfoWindow.swift in Sources */,
				0453D9611F4AB68B001ECE7E /* myMoviesManager.swift in Sources */,
				0453D9721F4AB6A5001ECE7E /* movieDetailView.swift in Sources */,
				0453D92C1F4AAE8C001ECE7E /* APIManager.swift in Sources */,
				0453D9741F4AB7E5001ECE7E /* myMoviesCell.swift in Sources */,
				0453D9621F4AB68B001ECE7E /* myMoviesModel.swift in Sources */,
				0453D9311F4AAE8C001ECE7E /* UserModel.swift in Sources */,
				0453D92B1F4AAE8C001ECE7E /* APIConstants.swift in Sources */,
				0453D9631F4AB68B001ECE7E /* myMoviesView.swift in Sources */,
				0453D9381F4AAE8C001ECE7E /* ViewParentWithoutXIB.swift in Sources */,
				0453D9301F4AAE8C001ECE7E /* StaticClass.swift in Sources */,
				0453D9521F4AB39F001ECE7E /* AppDelegate.swift in Sources */,
				0453D9711F4AB6A5001ECE7E /* movieDetailModel.swift in Sources */,
				0453D9341F4AAE8C001ECE7E /* NavigationHeader.swift in Sources */,
				0453D9361F4AAE8C001ECE7E /* ParentViewController.swift in Sources */,
				0453D92D1F4AAE8C001ECE7E /* Global.swift in Sources */,
				0453D92E1F4AAE8C001ECE7E /* GlobalStoryboards.swift in Sources */,
				0453D9701F4AB6A5001ECE7E /* movieDetailManager.swift in Sources */,
				0453D92F1F4AAE8C001ECE7E /* LanguageManager.swift in Sources */,
				0453D9601F4AB68B001ECE7E /* myMoviesViewController.swift in Sources */,
			);
			runOnlyForDeploymentPostprocessing = 0;
		};
/* End PBXSourcesBuildPhase section */

/* Begin PBXVariantGroup section */
		0453D8FE1F4AAC4C001ECE7E /* LaunchScreen.storyboard */ = {
			isa = PBXVariantGroup;
			children = (
				0453D8FF1F4AAC4C001ECE7E /* Base */,
			);
			name = LaunchScreen.storyboard;
			sourceTree = "<group>";
		};
/* End PBXVariantGroup section */

/* Begin XCBuildConfiguration section */
		0453D9021F4AAC4C001ECE7E /* Debug */ = {
			isa = XCBuildConfiguration;
			buildSettings = {
				ALWAYS_SEARCH_USER_PATHS = NO;
				CLANG_ANALYZER_NONNULL = YES;
				CLANG_CXX_LANGUAGE_STANDARD = "gnu++0x";
				CLANG_CXX_LIBRARY = "libc++";
				CLANG_ENABLE_MODULES = YES;
				CLANG_ENABLE_OBJC_ARC = YES;
				CLANG_WARN_BOOL_CONVERSION = YES;
				CLANG_WARN_CONSTANT_CONVERSION = YES;
				CLANG_WARN_DIRECT_OBJC_ISA_USAGE = YES_ERROR;
				CLANG_WARN_DOCUMENTATION_COMMENTS = YES;
				CLANG_WARN_EMPTY_BODY = YES;
				CLANG_WARN_ENUM_CONVERSION = YES;
				CLANG_WARN_INFINITE_RECURSION = YES;
				CLANG_WARN_INT_CONVERSION = YES;
				CLANG_WARN_OBJC_ROOT_CLASS = YES_ERROR;
				CLANG_WARN_SUSPICIOUS_MOVE = YES;
				CLANG_WARN_UNREACHABLE_CODE = YES;
				CLANG_WARN__DUPLICATE_METHOD_MATCH = YES;
				"CODE_SIGN_IDENTITY[sdk=iphoneos*]" = "iPhone Developer";
				COPY_PHASE_STRIP = NO;
				DEBUG_INFORMATION_FORMAT = dwarf;
				ENABLE_STRICT_OBJC_MSGSEND = YES;
				ENABLE_TESTABILITY = YES;
				GCC_C_LANGUAGE_STANDARD = gnu99;
				GCC_DYNAMIC_NO_PIC = NO;
				GCC_NO_COMMON_BLOCKS = YES;
				GCC_OPTIMIZATION_LEVEL = 0;
				GCC_PREPROCESSOR_DEFINITIONS = (
					"DEBUG=1",
					"$(inherited)",
				);
				GCC_WARN_64_TO_32_BIT_CONVERSION = YES;
				GCC_WARN_ABOUT_RETURN_TYPE = YES_ERROR;
				GCC_WARN_UNDECLARED_SELECTOR = YES;
				GCC_WARN_UNINITIALIZED_AUTOS = YES_AGGRESSIVE;
				GCC_WARN_UNUSED_FUNCTION = YES;
				GCC_WARN_UNUSED_VARIABLE = YES;
				IPHONEOS_DEPLOYMENT_TARGET = 10.2;
				MTL_ENABLE_DEBUG_INFO = YES;
				ONLY_ACTIVE_ARCH = YES;
				SDKROOT = iphoneos;
				SWIFT_ACTIVE_COMPILATION_CONDITIONS = DEBUG;
				SWIFT_OPTIMIZATION_LEVEL = "-Onone";
			};
			name = Debug;
		};
		0453D9031F4AAC4C001ECE7E /* Release */ = {
			isa = XCBuildConfiguration;
			buildSettings = {
				ALWAYS_SEARCH_USER_PATHS = NO;
				CLANG_ANALYZER_NONNULL = YES;
				CLANG_CXX_LANGUAGE_STANDARD = "gnu++0x";
				CLANG_CXX_LIBRARY = "libc++";
				CLANG_ENABLE_MODULES = YES;
				CLANG_ENABLE_OBJC_ARC = YES;
				CLANG_WARN_BOOL_CONVERSION = YES;
				CLANG_WARN_CONSTANT_CONVERSION = YES;
				CLANG_WARN_DIRECT_OBJC_ISA_USAGE = YES_ERROR;
				CLANG_WARN_DOCUMENTATION_COMMENTS = YES;
				CLANG_WARN_EMPTY_BODY = YES;
				CLANG_WARN_ENUM_CONVERSION = YES;
				CLANG_WARN_INFINITE_RECURSION = YES;
				CLANG_WARN_INT_CONVERSION = YES;
				CLANG_WARN_OBJC_ROOT_CLASS = YES_ERROR;
				CLANG_WARN_SUSPICIOUS_MOVE = YES;
				CLANG_WARN_UNREACHABLE_CODE = YES;
				CLANG_WARN__DUPLICATE_METHOD_MATCH = YES;
				"CODE_SIGN_IDENTITY[sdk=iphoneos*]" = "iPhone Developer";
				COPY_PHASE_STRIP = NO;
				DEBUG_INFORMATION_FORMAT = "dwarf-with-dsym";
				ENABLE_NS_ASSERTIONS = NO;
				ENABLE_STRICT_OBJC_MSGSEND = YES;
				GCC_C_LANGUAGE_STANDARD = gnu99;
				GCC_NO_COMMON_BLOCKS = YES;
				GCC_WARN_64_TO_32_BIT_CONVERSION = YES;
				GCC_WARN_ABOUT_RETURN_TYPE = YES_ERROR;
				GCC_WARN_UNDECLARED_SELECTOR = YES;
				GCC_WARN_UNINITIALIZED_AUTOS = YES_AGGRESSIVE;
				GCC_WARN_UNUSED_FUNCTION = YES;
				GCC_WARN_UNUSED_VARIABLE = YES;
				IPHONEOS_DEPLOYMENT_TARGET = 10.2;
				MTL_ENABLE_DEBUG_INFO = NO;
				SDKROOT = iphoneos;
				SWIFT_OPTIMIZATION_LEVEL = "-Owholemodule";
				VALIDATE_PRODUCT = YES;
			};
			name = Release;
		};
		0453D9051F4AAC4C001ECE7E /* Debug */ = {
			isa = XCBuildConfiguration;
			baseConfigurationReference = 085DFF9D1F41C766C290B558 /* Pods-MyMovieExam.debug.xcconfig */;
			buildSettings = {
				ASSETCATALOG_COMPILER_APPICON_NAME = AppIcon;
				INFOPLIST_FILE = MyMovieExam/Info.plist;
				LD_RUNPATH_SEARCH_PATHS = "$(inherited) @executable_path/Frameworks";
				PRODUCT_BUNDLE_IDENTIFIER = com.app.MyMovieExam;
				PRODUCT_NAME = "$(TARGET_NAME)";
				SWIFT_OBJC_BRIDGING_HEADER = Bridging.h;
				SWIFT_VERSION = 3.0;
			};
			name = Debug;
		};
		0453D9061F4AAC4C001ECE7E /* Release */ = {
			isa = XCBuildConfiguration;
			baseConfigurationReference = 9D6EEDA861569B0119C6F15E /* Pods-MyMovieExam.release.xcconfig */;
			buildSettings = {
				ASSETCATALOG_COMPILER_APPICON_NAME = AppIcon;
				INFOPLIST_FILE = MyMovieExam/Info.plist;
				LD_RUNPATH_SEARCH_PATHS = "$(inherited) @executable_path/Frameworks";
				PRODUCT_BUNDLE_IDENTIFIER = com.app.MyMovieExam;
				PRODUCT_NAME = "$(TARGET_NAME)";
				SWIFT_OBJC_BRIDGING_HEADER = Bridging.h;
				SWIFT_VERSION = 3.0;
			};
			name = Release;
		};
/* End XCBuildConfiguration section */

/* Begin XCConfigurationList section */
		0453D8B51F4AAC4B001ECE7E /* Build configuration list for PBXProject "MyMovieExam" */ = {
			isa = XCConfigurationList;
			buildConfigurations = (
				0453D9021F4AAC4C001ECE7E /* Debug */,
				0453D9031F4AAC4C001ECE7E /* Release */,
			);
			defaultConfigurationIsVisible = 0;
			defaultConfigurationName = Release;
		};
		0453D9041F4AAC4C001ECE7E /* Build configuration list for PBXNativeTarget "MyMovieExam" */ = {
			isa = XCConfigurationList;
			buildConfigurations = (
				0453D9051F4AAC4C001ECE7E /* Debug */,
				0453D9061F4AAC4C001ECE7E /* Release */,
			);
			defaultConfigurationIsVisible = 0;
			defaultConfigurationName = Release;
		};
/* End XCConfigurationList section */
	};
	rootObject = 0453D8B21F4AAC4B001ECE7E /* Project object */;
}
